
Microsoft Visual Studio Solution File, Format Version 12.00
# Visual Studio Version 16
VisualStudioVersion = 16.0.30413.136
MinimumVisualStudioVersion = 10.0.40219.1
Project("{FAE04EC0-301F-11D3-BF4B-00C04F79EFBC}") = "Mosaico", "Mosaico\Mosaico.csproj", "{A540696C-1124-46C0-8688-36542851EAAA}"
EndProject
Global
	GlobalSection(SolutionConfigurationPlatforms) = preSolution
		Debug|Any CPU = Debug|Any CPU
		Release|Any CPU = Release|Any CPU
	EndGlobalSection
	GlobalSection(ProjectConfigurationPlatforms) = postSolution
		{A540696C-1124-46C0-8688-36542851EAAA}.Debug|Any CPU.ActiveCfg = Debug|Any CPU
		{A540696C-1124-46C0-8688-36542851EAAA}.Debug|Any CPU.Build.0 = Debug|Any CPU
		{A540696C-1124-46C0-8688-36542851EAAA}.Release|Any CPU.ActiveCfg = Release|Any CPU
		{A540696C-1124-46C0-8688-36542851EAAA}.Release|Any CPU.Build.0 = Release|Any CPU
	EndGlobalSection
	GlobalSection(SolutionProperties) = preSolution
		HideSolutionNode = FALSE
	EndGlobalSection
	GlobalSection(ExtensibilityGlobals) = postSolution
		SolutionGuid = {A3AB0E4F-EC60-4A04-B5EB-8D841DB25CFE}
	EndGlobalSection
EndGlobal
